// !$*UTF8*$!
{
	archiveVersion = 1;
	classes = {
	};
	objectVersion = 46;
	objects = {

/* Begin PBXBuildFile section */
		7E0FA6221AD9864300E59BE3 /* PUDynamicTableView.swift in Sources */ = {isa = PBXBuildFile; fileRef = 7E0FA6211AD9864300E59BE3 /* PUDynamicTableView.swift */; };
		7E12883D1ABF3E2400922622 /* PartyUp_arrow_placeholder.png in Resources */ = {isa = PBXBuildFile; fileRef = 7E12883C1ABF3E2400922622 /* PartyUp_arrow_placeholder.png */; };
		7E12FFDF1AD750610066D0DC /* PartyUpTableCell.xib in Resources */ = {isa = PBXBuildFile; fileRef = 7E12FFDE1AD750610066D0DC /* PartyUpTableCell.xib */; };
		7E12FFE11AD764890066D0DC /* PartyUpTableCell.swift in Sources */ = {isa = PBXBuildFile; fileRef = 7E12FFE01AD764890066D0DC /* PartyUpTableCell.swift */; };
		7E3199A51AE4812000C5AF09 /* GroupChatViewController.swift in Sources */ = {isa = PBXBuildFile; fileRef = 7E3199A41AE4812000C5AF09 /* GroupChatViewController.swift */; };
		7E36CF801AE6E0EF00AAC1F4 /* GroupChatModel.swift in Sources */ = {isa = PBXBuildFile; fileRef = 7E36CF7F1AE6E0EF00AAC1F4 /* GroupChatModel.swift */; };
		7E3C4CFF1ADB5A2600DD444E /* DataManager.swift in Sources */ = {isa = PBXBuildFile; fileRef = 7E3C4CFE1ADB5A2600DD444E /* DataManager.swift */; };
		7E4E798F1ADD9B5B0023C95A /* SearchGroupsModel.swift in Sources */ = {isa = PBXBuildFile; fileRef = 7E4E798E1ADD9B5B0023C95A /* SearchGroupsModel.swift */; };
		7E54DB5B1ACE6D0D002E43E3 /* FindEventsViewController.swift in Sources */ = {isa = PBXBuildFile; fileRef = 7E54DB5A1ACE6D0D002E43E3 /* FindEventsViewController.swift */; };
		7E54DB5D1ACE6D3A002E43E3 /* CurrentEventViewController.swift in Sources */ = {isa = PBXBuildFile; fileRef = 7E54DB5C1ACE6D3A002E43E3 /* CurrentEventViewController.swift */; };
		7E60C3541AD1FBF1001DAA4B /* Globals.swift in Sources */ = {isa = PBXBuildFile; fileRef = 7E60C3531AD1FBF1001DAA4B /* Globals.swift */; };
		7E706A171AC78CC500B991F2 /* LoginViewController.swift in Sources */ = {isa = PBXBuildFile; fileRef = 7E706A161AC78CC500B991F2 /* LoginViewController.swift */; };
		7E7ED50D1AD463CE000C2775 /* SearchEventsModel.swift in Sources */ = {isa = PBXBuildFile; fileRef = 7E7ED50C1AD463CE000C2775 /* SearchEventsModel.swift */; };
		7E8E6EB91AE94DD3008294C2 /* AddBrowseEventsViewController.swift in Sources */ = {isa = PBXBuildFile; fileRef = 8B86CC091AE7E2B9008F8882 /* AddBrowseEventsViewController.swift */; };
		7E8E6EBB1AE952DF008294C2 /* AddFriendsViewController.swift in Sources */ = {isa = PBXBuildFile; fileRef = 7E8E6EBA1AE952DF008294C2 /* AddFriendsViewController.swift */; };
		7EA0DD021ACE25E900FC3EC1 /* MainGroupsViewController.swift in Sources */ = {isa = PBXBuildFile; fileRef = 7EA0DD011ACE25E900FC3EC1 /* MainGroupsViewController.swift */; };
		7EA0DD041ACE260500FC3EC1 /* MyEventsViewController.swift in Sources */ = {isa = PBXBuildFile; fileRef = 7EA0DD031ACE260500FC3EC1 /* MyEventsViewController.swift */; };
		7ECBC7951ACE4A50005329B5 /* HomepageViewController.swift in Sources */ = {isa = PBXBuildFile; fileRef = 7ECBC7941ACE4A50005329B5 /* HomepageViewController.swift */; };
		7EDC76D41AC7C46000252753 /* PartyUp_icon_2x_placeholder.png in Resources */ = {isa = PBXBuildFile; fileRef = 7EDC76D21AC7C46000252753 /* PartyUp_icon_2x_placeholder.png */; };
		7EDC76D51AC7C46000252753 /* PartyUp_icon_3x_placeholder.png in Resources */ = {isa = PBXBuildFile; fileRef = 7EDC76D31AC7C46000252753 /* PartyUp_icon_3x_placeholder.png */; };
		7EDC76D71AC7C83A00252753 /* todo.txt in Resources */ = {isa = PBXBuildFile; fileRef = 7EDC76D61AC7C83A00252753 /* todo.txt */; };
		7EDD4ED51ABE727C00CEECD0 /* AppDelegate.swift in Sources */ = {isa = PBXBuildFile; fileRef = 7EDD4ED41ABE727C00CEECD0 /* AppDelegate.swift */; };
		7EDD4ED71ABE727C00CEECD0 /* PartyUpViewController.swift in Sources */ = {isa = PBXBuildFile; fileRef = 7EDD4ED61ABE727C00CEECD0 /* PartyUpViewController.swift */; };
		7EDD4EDA1ABE727C00CEECD0 /* Main.storyboard in Resources */ = {isa = PBXBuildFile; fileRef = 7EDD4ED81ABE727C00CEECD0 /* Main.storyboard */; };
		7EDD4EDC1ABE727C00CEECD0 /* Images.xcassets in Resources */ = {isa = PBXBuildFile; fileRef = 7EDD4EDB1ABE727C00CEECD0 /* Images.xcassets */; };
		7EDD4EDF1ABE727C00CEECD0 /* LaunchScreen.xib in Resources */ = {isa = PBXBuildFile; fileRef = 7EDD4EDD1ABE727C00CEECD0 /* LaunchScreen.xib */; };
		7EDD4EEB1ABE727D00CEECD0 /* PartyUpTests.swift in Sources */ = {isa = PBXBuildFile; fileRef = 7EDD4EEA1ABE727D00CEECD0 /* PartyUpTests.swift */; };
		7EEA89D51AD4311000EA9985 /* CreateEvent1ViewController.swift in Sources */ = {isa = PBXBuildFile; fileRef = 7EEA89D41AD4311000EA9985 /* CreateEvent1ViewController.swift */; };
		7EFBCB391ADA251B0046E250 /* EventInfoViewController.swift in Sources */ = {isa = PBXBuildFile; fileRef = 7EFBCB381ADA251B0046E250 /* EventInfoViewController.swift */; };
		8B461DF71AE617CB00C3CFB9 /* AddChooseEventsViewController.swift in Sources */ = {isa = PBXBuildFile; fileRef = 8B461DF61AE617CB00C3CFB9 /* AddChooseEventsViewController.swift */; };
		8B4F21CF1AE1A4D700114381 /* CreateGroup1ViewController.swift in Sources */ = {isa = PBXBuildFile; fileRef = 8B4F21CE1AE1A4D700114381 /* CreateGroup1ViewController.swift */; };
		8B4F21D31AE5DA8C00114381 /* CreateGroup2ViewController.swift in Sources */ = {isa = PBXBuildFile; fileRef = 8B4F21D21AE5DA8C00114381 /* CreateGroup2ViewController.swift */; };
		8B77C2EE1AD987A500E6E8AE /* PartyUpUserCell.swift in Sources */ = {isa = PBXBuildFile; fileRef = 8B77C2EC1AD987A500E6E8AE /* PartyUpUserCell.swift */; };
		8B77C2EF1AD987A500E6E8AE /* PartyUpUserCell.xib in Resources */ = {isa = PBXBuildFile; fileRef = 8B77C2ED1AD987A500E6E8AE /* PartyUpUserCell.xib */; };
		8B77C2F91ADA297E00E6E8AE /* AddFriendsTableViewCell.swift in Sources */ = {isa = PBXBuildFile; fileRef = 8B77C2F81ADA297E00E6E8AE /* AddFriendsTableViewCell.swift */; };
		8B9140221AC5DB1300205FA6 /* RegisterViewController.swift in Sources */ = {isa = PBXBuildFile; fileRef = 8B9140211AC5DB1300205FA6 /* RegisterViewController.swift */; };
		8B9140241AC86E0200205FA6 /* PartyUpBackend.swift in Sources */ = {isa = PBXBuildFile; fileRef = 8B9140231AC86E0200205FA6 /* PartyUpBackend.swift */; };
		8BB153F01AD32A7600B0371B /* KeyboardViewController.swift in Sources */ = {isa = PBXBuildFile; fileRef = 8BB153EF1AD32A7600B0371B /* KeyboardViewController.swift */; };
		8BB153F21AD382B300B0371B /* CreateModel.swift in Sources */ = {isa = PBXBuildFile; fileRef = 8BB153F11AD382B300B0371B /* CreateModel.swift */; };
		8BB153F41AD38A5200B0371B /* CreateEvent2ViewController.swift in Sources */ = {isa = PBXBuildFile; fileRef = 8BB153F31AD38A5200B0371B /* CreateEvent2ViewController.swift */; };
		8BB4641F1AE9CD0100CA2A21 /* CreateGroupFromEventViewController.swift in Sources */ = {isa = PBXBuildFile; fileRef = 8BB4641E1AE9CD0100CA2A21 /* CreateGroupFromEventViewController.swift */; };
		E4DFD686559AF4D60E1B0DF3 /* libPods-PartyUp.a in Frameworks */ = {isa = PBXBuildFile; fileRef = CF7BDA24403FA27104B84851 /* libPods-PartyUp.a */; };
/* End PBXBuildFile section */

/* Begin PBXContainerItemProxy section */
		7EDD4EE51ABE727D00CEECD0 /* PBXContainerItemProxy */ = {
			isa = PBXContainerItemProxy;
			containerPortal = 7EDD4EC71ABE727C00CEECD0 /* Project object */;
			proxyType = 1;
			remoteGlobalIDString = 7EDD4ECE1ABE727C00CEECD0;
			remoteInfo = PartyUp;
		};
/* End PBXContainerItemProxy section */

/* Begin PBXFileReference section */
		67E8B85D3C36B88A9E60F3F2 /* Pods-PartyUp.release.xcconfig */ = {isa = PBXFileReference; includeInIndex = 1; lastKnownFileType = text.xcconfig; name = "Pods-PartyUp.release.xcconfig"; path = "Pods/Target Support Files/Pods-PartyUp/Pods-PartyUp.release.xcconfig"; sourceTree = "<group>"; };
		7E0FA6211AD9864300E59BE3 /* PUDynamicTableView.swift */ = {isa = PBXFileReference; fileEncoding = 4; lastKnownFileType = sourcecode.swift; path = PUDynamicTableView.swift; sourceTree = "<group>"; };
		7E12883C1ABF3E2400922622 /* PartyUp_arrow_placeholder.png */ = {isa = PBXFileReference; lastKnownFileType = image.png; path = PartyUp_arrow_placeholder.png; sourceTree = "<group>"; };
		7E12FFDE1AD750610066D0DC /* PartyUpTableCell.xib */ = {isa = PBXFileReference; fileEncoding = 4; lastKnownFileType = file.xib; path = PartyUpTableCell.xib; sourceTree = "<group>"; };
		7E12FFE01AD764890066D0DC /* PartyUpTableCell.swift */ = {isa = PBXFileReference; fileEncoding = 4; lastKnownFileType = sourcecode.swift; path = PartyUpTableCell.swift; sourceTree = "<group>"; };
		7E3199A41AE4812000C5AF09 /* GroupChatViewController.swift */ = {isa = PBXFileReference; fileEncoding = 4; lastKnownFileType = sourcecode.swift; path = GroupChatViewController.swift; sourceTree = "<group>"; };
		7E36CF7F1AE6E0EF00AAC1F4 /* GroupChatModel.swift */ = {isa = PBXFileReference; fileEncoding = 4; lastKnownFileType = sourcecode.swift; path = GroupChatModel.swift; sourceTree = "<group>"; };
		7E3C4CFE1ADB5A2600DD444E /* DataManager.swift */ = {isa = PBXFileReference; fileEncoding = 4; lastKnownFileType = sourcecode.swift; path = DataManager.swift; sourceTree = "<group>"; };
		7E4E798E1ADD9B5B0023C95A /* SearchGroupsModel.swift */ = {isa = PBXFileReference; fileEncoding = 4; lastKnownFileType = sourcecode.swift; path = SearchGroupsModel.swift; sourceTree = "<group>"; };
		7E54DB5A1ACE6D0D002E43E3 /* FindEventsViewController.swift */ = {isa = PBXFileReference; fileEncoding = 4; lastKnownFileType = sourcecode.swift; path = FindEventsViewController.swift; sourceTree = "<group>"; };
		7E54DB5C1ACE6D3A002E43E3 /* CurrentEventViewController.swift */ = {isa = PBXFileReference; fileEncoding = 4; lastKnownFileType = sourcecode.swift; path = CurrentEventViewController.swift; sourceTree = "<group>"; };
		7E60C3531AD1FBF1001DAA4B /* Globals.swift */ = {isa = PBXFileReference; fileEncoding = 4; lastKnownFileType = sourcecode.swift; path = Globals.swift; sourceTree = "<group>"; };
		7E706A161AC78CC500B991F2 /* LoginViewController.swift */ = {isa = PBXFileReference; fileEncoding = 4; lastKnownFileType = sourcecode.swift; path = LoginViewController.swift; sourceTree = "<group>"; };
		7E706A181AC7BCAA00B991F2 /* PartyUpPlayground.playground */ = {isa = PBXFileReference; lastKnownFileType = file.playground; path = PartyUpPlayground.playground; sourceTree = "<group>"; };
		7E7ED50C1AD463CE000C2775 /* SearchEventsModel.swift */ = {isa = PBXFileReference; fileEncoding = 4; lastKnownFileType = sourcecode.swift; path = SearchEventsModel.swift; sourceTree = "<group>"; };
		7E8E6EB71AE94DAE008294C2 /* PartyUp-Bridging-Header.h */ = {isa = PBXFileReference; fileEncoding = 4; lastKnownFileType = sourcecode.c.h; path = "PartyUp-Bridging-Header.h"; sourceTree = "<group>"; };
		7E8E6EBA1AE952DF008294C2 /* AddFriendsViewController.swift */ = {isa = PBXFileReference; fileEncoding = 4; lastKnownFileType = sourcecode.swift; path = AddFriendsViewController.swift; sourceTree = "<group>"; };
		7EA0DD011ACE25E900FC3EC1 /* MainGroupsViewController.swift */ = {isa = PBXFileReference; fileEncoding = 4; lastKnownFileType = sourcecode.swift; path = MainGroupsViewController.swift; sourceTree = "<group>"; };
		7EA0DD031ACE260500FC3EC1 /* MyEventsViewController.swift */ = {isa = PBXFileReference; fileEncoding = 4; lastKnownFileType = sourcecode.swift; path = MyEventsViewController.swift; sourceTree = "<group>"; };
		7ECBC7941ACE4A50005329B5 /* HomepageViewController.swift */ = {isa = PBXFileReference; fileEncoding = 4; lastKnownFileType = sourcecode.swift; path = HomepageViewController.swift; sourceTree = "<group>"; };
		7EDC76D21AC7C46000252753 /* PartyUp_icon_2x_placeholder.png */ = {isa = PBXFileReference; lastKnownFileType = image.png; path = PartyUp_icon_2x_placeholder.png; sourceTree = "<group>"; };
		7EDC76D31AC7C46000252753 /* PartyUp_icon_3x_placeholder.png */ = {isa = PBXFileReference; lastKnownFileType = image.png; path = PartyUp_icon_3x_placeholder.png; sourceTree = "<group>"; };
		7EDC76D61AC7C83A00252753 /* todo.txt */ = {isa = PBXFileReference; fileEncoding = 4; lastKnownFileType = text; path = todo.txt; sourceTree = "<group>"; };
		7EDD4ECF1ABE727C00CEECD0 /* PartyUp.app */ = {isa = PBXFileReference; explicitFileType = wrapper.application; includeInIndex = 0; path = PartyUp.app; sourceTree = BUILT_PRODUCTS_DIR; };
		7EDD4ED31ABE727C00CEECD0 /* Info.plist */ = {isa = PBXFileReference; lastKnownFileType = text.plist.xml; path = Info.plist; sourceTree = "<group>"; };
		7EDD4ED41ABE727C00CEECD0 /* AppDelegate.swift */ = {isa = PBXFileReference; lastKnownFileType = sourcecode.swift; path = AppDelegate.swift; sourceTree = "<group>"; };
		7EDD4ED61ABE727C00CEECD0 /* PartyUpViewController.swift */ = {isa = PBXFileReference; lastKnownFileType = sourcecode.swift; path = PartyUpViewController.swift; sourceTree = "<group>"; };
		7EDD4ED91ABE727C00CEECD0 /* Base */ = {isa = PBXFileReference; lastKnownFileType = file.storyboard; name = Base; path = Base.lproj/Main.storyboard; sourceTree = "<group>"; };
		7EDD4EDB1ABE727C00CEECD0 /* Images.xcassets */ = {isa = PBXFileReference; lastKnownFileType = folder.assetcatalog; path = Images.xcassets; sourceTree = "<group>"; };
		7EDD4EDE1ABE727C00CEECD0 /* Base */ = {isa = PBXFileReference; lastKnownFileType = file.xib; name = Base; path = Base.lproj/LaunchScreen.xib; sourceTree = "<group>"; };
		7EDD4EE41ABE727D00CEECD0 /* PartyUpTests.xctest */ = {isa = PBXFileReference; explicitFileType = wrapper.cfbundle; includeInIndex = 0; path = PartyUpTests.xctest; sourceTree = BUILT_PRODUCTS_DIR; };
		7EDD4EE91ABE727D00CEECD0 /* Info.plist */ = {isa = PBXFileReference; lastKnownFileType = text.plist.xml; path = Info.plist; sourceTree = "<group>"; };
		7EDD4EEA1ABE727D00CEECD0 /* PartyUpTests.swift */ = {isa = PBXFileReference; lastKnownFileType = sourcecode.swift; path = PartyUpTests.swift; sourceTree = "<group>"; };
		7EEA89D41AD4311000EA9985 /* CreateEvent1ViewController.swift */ = {isa = PBXFileReference; fileEncoding = 4; lastKnownFileType = sourcecode.swift; path = CreateEvent1ViewController.swift; sourceTree = "<group>"; };
		7EFBCB381ADA251B0046E250 /* EventInfoViewController.swift */ = {isa = PBXFileReference; fileEncoding = 4; lastKnownFileType = sourcecode.swift; path = EventInfoViewController.swift; sourceTree = "<group>"; };
		8B461DF61AE617CB00C3CFB9 /* AddChooseEventsViewController.swift */ = {isa = PBXFileReference; fileEncoding = 4; lastKnownFileType = sourcecode.swift; path = AddChooseEventsViewController.swift; sourceTree = "<group>"; };
		8B4F21CE1AE1A4D700114381 /* CreateGroup1ViewController.swift */ = {isa = PBXFileReference; fileEncoding = 4; lastKnownFileType = sourcecode.swift; path = CreateGroup1ViewController.swift; sourceTree = "<group>"; };
		8B4F21D21AE5DA8C00114381 /* CreateGroup2ViewController.swift */ = {isa = PBXFileReference; fileEncoding = 4; lastKnownFileType = sourcecode.swift; path = CreateGroup2ViewController.swift; sourceTree = "<group>"; };
		8B77C2EC1AD987A500E6E8AE /* PartyUpUserCell.swift */ = {isa = PBXFileReference; fileEncoding = 4; lastKnownFileType = sourcecode.swift; path = PartyUpUserCell.swift; sourceTree = "<group>"; };
		8B77C2ED1AD987A500E6E8AE /* PartyUpUserCell.xib */ = {isa = PBXFileReference; fileEncoding = 4; lastKnownFileType = file.xib; path = PartyUpUserCell.xib; sourceTree = "<group>"; };
		8B77C2F81ADA297E00E6E8AE /* AddFriendsTableViewCell.swift */ = {isa = PBXFileReference; fileEncoding = 4; lastKnownFileType = sourcecode.swift; path = AddFriendsTableViewCell.swift; sourceTree = "<group>"; };
		8B86CC091AE7E2B9008F8882 /* AddBrowseEventsViewController.swift */ = {isa = PBXFileReference; fileEncoding = 4; lastKnownFileType = sourcecode.swift; path = AddBrowseEventsViewController.swift; sourceTree = "<group>"; };
		8B9140211AC5DB1300205FA6 /* RegisterViewController.swift */ = {isa = PBXFileReference; fileEncoding = 4; lastKnownFileType = sourcecode.swift; path = RegisterViewController.swift; sourceTree = "<group>"; };
		8B9140231AC86E0200205FA6 /* PartyUpBackend.swift */ = {isa = PBXFileReference; fileEncoding = 4; lastKnownFileType = sourcecode.swift; path = PartyUpBackend.swift; sourceTree = "<group>"; };
		8BB153EF1AD32A7600B0371B /* KeyboardViewController.swift */ = {isa = PBXFileReference; fileEncoding = 4; lastKnownFileType = sourcecode.swift; path = KeyboardViewController.swift; sourceTree = "<group>"; };
		8BB153F11AD382B300B0371B /* CreateModel.swift */ = {isa = PBXFileReference; fileEncoding = 4; lastKnownFileType = sourcecode.swift; path = CreateModel.swift; sourceTree = "<group>"; };
		8BB153F31AD38A5200B0371B /* CreateEvent2ViewController.swift */ = {isa = PBXFileReference; fileEncoding = 4; lastKnownFileType = sourcecode.swift; path = CreateEvent2ViewController.swift; sourceTree = "<group>"; };
		8BB4641E1AE9CD0100CA2A21 /* CreateGroupFromEventViewController.swift */ = {isa = PBXFileReference; fileEncoding = 4; lastKnownFileType = sourcecode.swift; path = CreateGroupFromEventViewController.swift; sourceTree = "<group>"; };
		CF7BDA24403FA27104B84851 /* libPods-PartyUp.a */ = {isa = PBXFileReference; explicitFileType = archive.ar; includeInIndex = 0; path = "libPods-PartyUp.a"; sourceTree = BUILT_PRODUCTS_DIR; };
		EC5A1D306A82A220C1D8B8EE /* Pods-PartyUp.debug.xcconfig */ = {isa = PBXFileReference; includeInIndex = 1; lastKnownFileType = text.xcconfig; name = "Pods-PartyUp.debug.xcconfig"; path = "Pods/Target Support Files/Pods-PartyUp/Pods-PartyUp.debug.xcconfig"; sourceTree = "<group>"; };
/* End PBXFileReference section */

/* Begin PBXFrameworksBuildPhase section */
		7EDD4ECC1ABE727C00CEECD0 /* Frameworks */ = {
			isa = PBXFrameworksBuildPhase;
			buildActionMask = 2147483647;
			files = (
				E4DFD686559AF4D60E1B0DF3 /* libPods-PartyUp.a in Frameworks */,
			);
			runOnlyForDeploymentPostprocessing = 0;
		};
		7EDD4EE11ABE727D00CEECD0 /* Frameworks */ = {
			isa = PBXFrameworksBuildPhase;
			buildActionMask = 2147483647;
			files = (
			);
			runOnlyForDeploymentPostprocessing = 0;
		};
/* End PBXFrameworksBuildPhase section */

/* Begin PBXGroup section */
		103E0F66F5455493DA5C041E /* Frameworks */ = {
			isa = PBXGroup;
			children = (
				CF7BDA24403FA27104B84851 /* libPods-PartyUp.a */,
			);
			name = Frameworks;
			sourceTree = "<group>";
		};
		16FA2DBB5D353460C542181D /* Pods */ = {
			isa = PBXGroup;
			children = (
				EC5A1D306A82A220C1D8B8EE /* Pods-PartyUp.debug.xcconfig */,
				67E8B85D3C36B88A9E60F3F2 /* Pods-PartyUp.release.xcconfig */,
			);
			name = Pods;
			sourceTree = "<group>";
		};
		7E12883B1ABF3E2400922622 /* Resources */ = {
			isa = PBXGroup;
			children = (
				7EDC76D21AC7C46000252753 /* PartyUp_icon_2x_placeholder.png */,
				7EDC76D31AC7C46000252753 /* PartyUp_icon_3x_placeholder.png */,
				7E12883C1ABF3E2400922622 /* PartyUp_arrow_placeholder.png */,
			);
			name = Resources;
			path = PartyUp/Resources;
			sourceTree = "<group>";
		};
		7EDD4EC61ABE727C00CEECD0 = {
			isa = PBXGroup;
			children = (
				7E12883B1ABF3E2400922622 /* Resources */,
				7EDD4ED11ABE727C00CEECD0 /* PartyUp */,
				7EDD4EE71ABE727D00CEECD0 /* PartyUpTests */,
				7EDD4ED01ABE727C00CEECD0 /* Products */,
				16FA2DBB5D353460C542181D /* Pods */,
				103E0F66F5455493DA5C041E /* Frameworks */,
			);
			sourceTree = "<group>";
		};
		7EDD4ED01ABE727C00CEECD0 /* Products */ = {
			isa = PBXGroup;
			children = (
				7EDD4ECF1ABE727C00CEECD0 /* PartyUp.app */,
				7EDD4EE41ABE727D00CEECD0 /* PartyUpTests.xctest */,
			);
			name = Products;
			sourceTree = "<group>";
		};
		7EDD4ED11ABE727C00CEECD0 /* PartyUp */ = {
			isa = PBXGroup;
			children = (
				7E8E6EB71AE94DAE008294C2 /* PartyUp-Bridging-Header.h */,
				7EDD4ED41ABE727C00CEECD0 /* AppDelegate.swift */,
				7E60C3531AD1FBF1001DAA4B /* Globals.swift */,
				7E3C4CFE1ADB5A2600DD444E /* DataManager.swift */,
				8B9140231AC86E0200205FA6 /* PartyUpBackend.swift */,
				7E4E798E1ADD9B5B0023C95A /* SearchGroupsModel.swift */,
				7E7ED50C1AD463CE000C2775 /* SearchEventsModel.swift */,
				7E36CF7F1AE6E0EF00AAC1F4 /* GroupChatModel.swift */,
				7EDD4ED61ABE727C00CEECD0 /* PartyUpViewController.swift */,
				7ECBC7941ACE4A50005329B5 /* HomepageViewController.swift */,
				7E3199A41AE4812000C5AF09 /* GroupChatViewController.swift */,
				7EA0DD031ACE260500FC3EC1 /* MyEventsViewController.swift */,
				7E54DB5A1ACE6D0D002E43E3 /* FindEventsViewController.swift */,
				7E54DB5C1ACE6D3A002E43E3 /* CurrentEventViewController.swift */,
				7E8E6EBA1AE952DF008294C2 /* AddFriendsViewController.swift */,
				8B86CC091AE7E2B9008F8882 /* AddBrowseEventsViewController.swift */,
				8B461DF61AE617CB00C3CFB9 /* AddChooseEventsViewController.swift */,
				7EEA89D41AD4311000EA9985 /* CreateEvent1ViewController.swift */,
				8BB153F31AD38A5200B0371B /* CreateEvent2ViewController.swift */,
				8B4F21CE1AE1A4D700114381 /* CreateGroup1ViewController.swift */,
				8B4F21D21AE5DA8C00114381 /* CreateGroup2ViewController.swift */,
				8BB153F11AD382B300B0371B /* CreateModel.swift */,
				7EFBCB381ADA251B0046E250 /* EventInfoViewController.swift */,
				7EA0DD011ACE25E900FC3EC1 /* MainGroupsViewController.swift */,
				7E706A161AC78CC500B991F2 /* LoginViewController.swift */,
				8B9140211AC5DB1300205FA6 /* RegisterViewController.swift */,
				8BB153EF1AD32A7600B0371B /* KeyboardViewController.swift */,
				7EDD4ED81ABE727C00CEECD0 /* Main.storyboard */,
				8BB4641E1AE9CD0100CA2A21 /* CreateGroupFromEventViewController.swift */,
				7EDD4EDB1ABE727C00CEECD0 /* Images.xcassets */,
				7E0FA6211AD9864300E59BE3 /* PUDynamicTableView.swift */,
				8B77C2F81ADA297E00E6E8AE /* AddFriendsTableViewCell.swift */,
				7E12FFE01AD764890066D0DC /* PartyUpTableCell.swift */,
				7E12FFDE1AD750610066D0DC /* PartyUpTableCell.xib */,
				8B77C2EC1AD987A500E6E8AE /* PartyUpUserCell.swift */,
				8B77C2ED1AD987A500E6E8AE /* PartyUpUserCell.xib */,
				7EDD4EDD1ABE727C00CEECD0 /* LaunchScreen.xib */,
				7EDD4ED21ABE727C00CEECD0 /* Supporting Files */,
				7EDC76D61AC7C83A00252753 /* todo.txt */,
			);
			path = PartyUp;
			sourceTree = "<group>";
		};
		7EDD4ED21ABE727C00CEECD0 /* Supporting Files */ = {
			isa = PBXGroup;
			children = (
				7EDD4ED31ABE727C00CEECD0 /* Info.plist */,
			);
			name = "Supporting Files";
			sourceTree = "<group>";
		};
		7EDD4EE71ABE727D00CEECD0 /* PartyUpTests */ = {
			isa = PBXGroup;
			children = (
				7E706A181AC7BCAA00B991F2 /* PartyUpPlayground.playground */,
				7EDD4EEA1ABE727D00CEECD0 /* PartyUpTests.swift */,
				7EDD4EE81ABE727D00CEECD0 /* Supporting Files */,
			);
			path = PartyUpTests;
			sourceTree = "<group>";
		};
		7EDD4EE81ABE727D00CEECD0 /* Supporting Files */ = {
			isa = PBXGroup;
			children = (
				7EDD4EE91ABE727D00CEECD0 /* Info.plist */,
			);
			name = "Supporting Files";
			sourceTree = "<group>";
		};
/* End PBXGroup section */

/* Begin PBXNativeTarget section */
		7EDD4ECE1ABE727C00CEECD0 /* PartyUp */ = {
			isa = PBXNativeTarget;
			buildConfigurationList = 7EDD4EEE1ABE727D00CEECD0 /* Build configuration list for PBXNativeTarget "PartyUp" */;
			buildPhases = (
				EAB0FE470A44E46236D029D0 /* Check Pods Manifest.lock */,
				7EDD4ECB1ABE727C00CEECD0 /* Sources */,
				7EDD4ECC1ABE727C00CEECD0 /* Frameworks */,
				7EDD4ECD1ABE727C00CEECD0 /* Resources */,
				AE48673161BB7644A19D70D5 /* Copy Pods Resources */,
			);
			buildRules = (
			);
			dependencies = (
			);
			name = PartyUp;
			productName = PartyUp;
			productReference = 7EDD4ECF1ABE727C00CEECD0 /* PartyUp.app */;
			productType = "com.apple.product-type.application";
		};
		7EDD4EE31ABE727D00CEECD0 /* PartyUpTests */ = {
			isa = PBXNativeTarget;
			buildConfigurationList = 7EDD4EF11ABE727D00CEECD0 /* Build configuration list for PBXNativeTarget "PartyUpTests" */;
			buildPhases = (
				7EDD4EE01ABE727D00CEECD0 /* Sources */,
				7EDD4EE11ABE727D00CEECD0 /* Frameworks */,
				7EDD4EE21ABE727D00CEECD0 /* Resources */,
			);
			buildRules = (
			);
			dependencies = (
				7EDD4EE61ABE727D00CEECD0 /* PBXTargetDependency */,
			);
			name = PartyUpTests;
			productName = PartyUpTests;
			productReference = 7EDD4EE41ABE727D00CEECD0 /* PartyUpTests.xctest */;
			productType = "com.apple.product-type.bundle.unit-test";
		};
/* End PBXNativeTarget section */

/* Begin PBXProject section */
		7EDD4EC71ABE727C00CEECD0 /* Project object */ = {
			isa = PBXProject;
			attributes = {
				LastUpgradeCheck = 0620;
				ORGANIZATIONNAME = "BDGL-Hacks";
				TargetAttributes = {
					7EDD4ECE1ABE727C00CEECD0 = {
						CreatedOnToolsVersion = 6.2;
						DevelopmentTeam = WKRZ8G7B5R;
					};
					7EDD4EE31ABE727D00CEECD0 = {
						CreatedOnToolsVersion = 6.2;
						TestTargetID = 7EDD4ECE1ABE727C00CEECD0;
					};
				};
			};
			buildConfigurationList = 7EDD4ECA1ABE727C00CEECD0 /* Build configuration list for PBXProject "PartyUp" */;
			compatibilityVersion = "Xcode 3.2";
			developmentRegion = English;
			hasScannedForEncodings = 0;
			knownRegions = (
				en,
				Base,
			);
			mainGroup = 7EDD4EC61ABE727C00CEECD0;
			productRefGroup = 7EDD4ED01ABE727C00CEECD0 /* Products */;
			projectDirPath = "";
			projectRoot = "";
			targets = (
				7EDD4ECE1ABE727C00CEECD0 /* PartyUp */,
				7EDD4EE31ABE727D00CEECD0 /* PartyUpTests */,
			);
		};
/* End PBXProject section */

/* Begin PBXResourcesBuildPhase section */
		7EDD4ECD1ABE727C00CEECD0 /* Resources */ = {
			isa = PBXResourcesBuildPhase;
			buildActionMask = 2147483647;
			files = (
				7EDC76D41AC7C46000252753 /* PartyUp_icon_2x_placeholder.png in Resources */,
				7EDD4EDA1ABE727C00CEECD0 /* Main.storyboard in Resources */,
				7E12FFDF1AD750610066D0DC /* PartyUpTableCell.xib in Resources */,
				7E12883D1ABF3E2400922622 /* PartyUp_arrow_placeholder.png in Resources */,
				7EDD4EDF1ABE727C00CEECD0 /* LaunchScreen.xib in Resources */,
				7EDD4EDC1ABE727C00CEECD0 /* Images.xcassets in Resources */,
				7EDC76D51AC7C46000252753 /* PartyUp_icon_3x_placeholder.png in Resources */,
				7EDC76D71AC7C83A00252753 /* todo.txt in Resources */,
				8B77C2EF1AD987A500E6E8AE /* PartyUpUserCell.xib in Resources */,
			);
			runOnlyForDeploymentPostprocessing = 0;
		};
		7EDD4EE21ABE727D00CEECD0 /* Resources */ = {
			isa = PBXResourcesBuildPhase;
			buildActionMask = 2147483647;
			files = (
			);
			runOnlyForDeploymentPostprocessing = 0;
		};
/* End PBXResourcesBuildPhase section */

/* Begin PBXShellScriptBuildPhase section */
		AE48673161BB7644A19D70D5 /* Copy Pods Resources */ = {
			isa = PBXShellScriptBuildPhase;
			buildActionMask = 2147483647;
			files = (
			);
			inputPaths = (
			);
			name = "Copy Pods Resources";
			outputPaths = (
			);
			runOnlyForDeploymentPostprocessing = 0;
			shellPath = /bin/sh;
			shellScript = "\"${SRCROOT}/Pods/Target Support Files/Pods-PartyUp/Pods-PartyUp-resources.sh\"\n";
			showEnvVarsInLog = 0;
		};
		EAB0FE470A44E46236D029D0 /* Check Pods Manifest.lock */ = {
			isa = PBXShellScriptBuildPhase;
			buildActionMask = 2147483647;
			files = (
			);
			inputPaths = (
			);
			name = "Check Pods Manifest.lock";
			outputPaths = (
			);
			runOnlyForDeploymentPostprocessing = 0;
			shellPath = /bin/sh;
			shellScript = "diff \"${PODS_ROOT}/../Podfile.lock\" \"${PODS_ROOT}/Manifest.lock\" > /dev/null\nif [[ $? != 0 ]] ; then\n    cat << EOM\nerror: The sandbox is not in sync with the Podfile.lock. Run 'pod install' or update your CocoaPods installation.\nEOM\n    exit 1\nfi\n";
			showEnvVarsInLog = 0;
		};
/* End PBXShellScriptBuildPhase section */

/* Begin PBXSourcesBuildPhase section */
		7EDD4ECB1ABE727C00CEECD0 /* Sources */ = {
			isa = PBXSourcesBuildPhase;
			buildActionMask = 2147483647;
			files = (
				7E8E6EB91AE94DD3008294C2 /* AddBrowseEventsViewController.swift in Sources */,
				8B77C2EE1AD987A500E6E8AE /* PartyUpUserCell.swift in Sources */,
				7E36CF801AE6E0EF00AAC1F4 /* GroupChatModel.swift in Sources */,
				7E706A171AC78CC500B991F2 /* LoginViewController.swift in Sources */,
				7E3C4CFF1ADB5A2600DD444E /* DataManager.swift in Sources */,
				8B4F21D31AE5DA8C00114381 /* CreateGroup2ViewController.swift in Sources */,
				8B9140221AC5DB1300205FA6 /* RegisterViewController.swift in Sources */,
				7EA0DD041ACE260500FC3EC1 /* MyEventsViewController.swift in Sources */,
				8B9140241AC86E0200205FA6 /* PartyUpBackend.swift in Sources */,
				7E54DB5B1ACE6D0D002E43E3 /* FindEventsViewController.swift in Sources */,
				7E60C3541AD1FBF1001DAA4B /* Globals.swift in Sources */,
				8B4F21CF1AE1A4D700114381 /* CreateGroup1ViewController.swift in Sources */,
				7E54DB5D1ACE6D3A002E43E3 /* CurrentEventViewController.swift in Sources */,
				7E4E798F1ADD9B5B0023C95A /* SearchGroupsModel.swift in Sources */,
				7ECBC7951ACE4A50005329B5 /* HomepageViewController.swift in Sources */,
				8BB153F01AD32A7600B0371B /* KeyboardViewController.swift in Sources */,
				7EA0DD021ACE25E900FC3EC1 /* MainGroupsViewController.swift in Sources */,
				7EEA89D51AD4311000EA9985 /* CreateEvent1ViewController.swift in Sources */,
				7E8E6EBB1AE952DF008294C2 /* AddFriendsViewController.swift in Sources */,
				7E0FA6221AD9864300E59BE3 /* PUDynamicTableView.swift in Sources */,
				7E3199A51AE4812000C5AF09 /* GroupChatViewController.swift in Sources */,
				7E12FFE11AD764890066D0DC /* PartyUpTableCell.swift in Sources */,
				8BB153F21AD382B300B0371B /* CreateModel.swift in Sources */,
				7EDD4ED71ABE727C00CEECD0 /* PartyUpViewController.swift in Sources */,
				7EDD4ED51ABE727C00CEECD0 /* AppDelegate.swift in Sources */,
				7E7ED50D1AD463CE000C2775 /* SearchEventsModel.swift in Sources */,
				7EFBCB391ADA251B0046E250 /* EventInfoViewController.swift in Sources */,
				8BB4641F1AE9CD0100CA2A21 /* CreateGroupFromEventViewController.swift in Sources */,
				8B461DF71AE617CB00C3CFB9 /* AddChooseEventsViewController.swift in Sources */,
				8BB153F41AD38A5200B0371B /* CreateEvent2ViewController.swift in Sources */,
				8B77C2F91ADA297E00E6E8AE /* AddFriendsTableViewCell.swift in Sources */,
			);
			runOnlyForDeploymentPostprocessing = 0;
		};
		7EDD4EE01ABE727D00CEECD0 /* Sources */ = {
			isa = PBXSourcesBuildPhase;
			buildActionMask = 2147483647;
			files = (
				7EDD4EEB1ABE727D00CEECD0 /* PartyUpTests.swift in Sources */,
			);
			runOnlyForDeploymentPostprocessing = 0;
		};
/* End PBXSourcesBuildPhase section */

/* Begin PBXTargetDependency section */
		7EDD4EE61ABE727D00CEECD0 /* PBXTargetDependency */ = {
			isa = PBXTargetDependency;
			target = 7EDD4ECE1ABE727C00CEECD0 /* PartyUp */;
			targetProxy = 7EDD4EE51ABE727D00CEECD0 /* PBXContainerItemProxy */;
		};
/* End PBXTargetDependency section */

/* Begin PBXVariantGroup section */
		7EDD4ED81ABE727C00CEECD0 /* Main.storyboard */ = {
			isa = PBXVariantGroup;
			children = (
				7EDD4ED91ABE727C00CEECD0 /* Base */,
			);
			name = Main.storyboard;
			sourceTree = "<group>";
		};
		7EDD4EDD1ABE727C00CEECD0 /* LaunchScreen.xib */ = {
			isa = PBXVariantGroup;
			children = (
				7EDD4EDE1ABE727C00CEECD0 /* Base */,
			);
			name = LaunchScreen.xib;
			sourceTree = "<group>";
		};
/* End PBXVariantGroup section */

/* Begin XCBuildConfiguration section */
		7EDD4EEC1ABE727D00CEECD0 /* Debug */ = {
			isa = XCBuildConfiguration;
			buildSettings = {
				ALWAYS_SEARCH_USER_PATHS = NO;
				CLANG_CXX_LANGUAGE_STANDARD = "gnu++0x";
				CLANG_CXX_LIBRARY = "libc++";
				CLANG_ENABLE_MODULES = YES;
				CLANG_ENABLE_OBJC_ARC = YES;
				CLANG_WARN_BOOL_CONVERSION = YES;
				CLANG_WARN_CONSTANT_CONVERSION = YES;
				CLANG_WARN_DIRECT_OBJC_ISA_USAGE = YES_ERROR;
				CLANG_WARN_EMPTY_BODY = YES;
				CLANG_WARN_ENUM_CONVERSION = YES;
				CLANG_WARN_INT_CONVERSION = YES;
				CLANG_WARN_OBJC_ROOT_CLASS = YES_ERROR;
				CLANG_WARN_UNREACHABLE_CODE = YES;
				CLANG_WARN__DUPLICATE_METHOD_MATCH = YES;
				"CODE_SIGN_IDENTITY[sdk=iphoneos*]" = "iPhone Developer";
				COPY_PHASE_STRIP = NO;
				ENABLE_STRICT_OBJC_MSGSEND = YES;
				GCC_C_LANGUAGE_STANDARD = gnu99;
				GCC_DYNAMIC_NO_PIC = NO;
				GCC_OPTIMIZATION_LEVEL = 0;
				GCC_PREPROCESSOR_DEFINITIONS = (
					"DEBUG=1",
					"$(inherited)",
				);
				GCC_SYMBOLS_PRIVATE_EXTERN = NO;
				GCC_WARN_64_TO_32_BIT_CONVERSION = YES;
				GCC_WARN_ABOUT_RETURN_TYPE = YES_ERROR;
				GCC_WARN_UNDECLARED_SELECTOR = YES;
				GCC_WARN_UNINITIALIZED_AUTOS = YES_AGGRESSIVE;
				GCC_WARN_UNUSED_FUNCTION = YES;
				GCC_WARN_UNUSED_VARIABLE = YES;
				IPHONEOS_DEPLOYMENT_TARGET = 8.2;
				MTL_ENABLE_DEBUG_INFO = YES;
				ONLY_ACTIVE_ARCH = YES;
				SDKROOT = iphoneos;
				SWIFT_OPTIMIZATION_LEVEL = "-Onone";
			};
			name = Debug;
		};
		7EDD4EED1ABE727D00CEECD0 /* Release */ = {
			isa = XCBuildConfiguration;
			buildSettings = {
				ALWAYS_SEARCH_USER_PATHS = NO;
				CLANG_CXX_LANGUAGE_STANDARD = "gnu++0x";
				CLANG_CXX_LIBRARY = "libc++";
				CLANG_ENABLE_MODULES = YES;
				CLANG_ENABLE_OBJC_ARC = YES;
				CLANG_WARN_BOOL_CONVERSION = YES;
				CLANG_WARN_CONSTANT_CONVERSION = YES;
				CLANG_WARN_DIRECT_OBJC_ISA_USAGE = YES_ERROR;
				CLANG_WARN_EMPTY_BODY = YES;
				CLANG_WARN_ENUM_CONVERSION = YES;
				CLANG_WARN_INT_CONVERSION = YES;
				CLANG_WARN_OBJC_ROOT_CLASS = YES_ERROR;
				CLANG_WARN_UNREACHABLE_CODE = YES;
				CLANG_WARN__DUPLICATE_METHOD_MATCH = YES;
				"CODE_SIGN_IDENTITY[sdk=iphoneos*]" = "iPhone Developer";
				COPY_PHASE_STRIP = NO;
				ENABLE_NS_ASSERTIONS = NO;
				ENABLE_STRICT_OBJC_MSGSEND = YES;
				GCC_C_LANGUAGE_STANDARD = gnu99;
				GCC_WARN_64_TO_32_BIT_CONVERSION = YES;
				GCC_WARN_ABOUT_RETURN_TYPE = YES_ERROR;
				GCC_WARN_UNDECLARED_SELECTOR = YES;
				GCC_WARN_UNINITIALIZED_AUTOS = YES_AGGRESSIVE;
				GCC_WARN_UNUSED_FUNCTION = YES;
				GCC_WARN_UNUSED_VARIABLE = YES;
				IPHONEOS_DEPLOYMENT_TARGET = 8.2;
				MTL_ENABLE_DEBUG_INFO = NO;
				SDKROOT = iphoneos;
				VALIDATE_PRODUCT = YES;
			};
			name = Release;
		};
		7EDD4EEF1ABE727D00CEECD0 /* Debug */ = {
			isa = XCBuildConfiguration;
			baseConfigurationReference = EC5A1D306A82A220C1D8B8EE /* Pods-PartyUp.debug.xcconfig */;
			buildSettings = {
				ASSETCATALOG_COMPILER_APPICON_NAME = AppIcon;
				CLANG_ENABLE_MODULES = YES;
				CODE_SIGN_IDENTITY = "iPhone Developer";
				"CODE_SIGN_IDENTITY[sdk=iphoneos*]" = "iPhone Developer";
				INFOPLIST_FILE = PartyUp/Info.plist;
				IPHONEOS_DEPLOYMENT_TARGET = 8.0;
				LD_RUNPATH_SEARCH_PATHS = "$(inherited) @executable_path/Frameworks";
				PRODUCT_NAME = "$(TARGET_NAME)";
				PROVISIONING_PROFILE = "";
				SWIFT_OBJC_BRIDGING_HEADER = "PartyUp/PartyUp-Bridging-Header.h";
				SWIFT_OPTIMIZATION_LEVEL = "-Onone";
			};
			name = Debug;
		};
		7EDD4EF01ABE727D00CEECD0 /* Release */ = {
			isa = XCBuildConfiguration;
			baseConfigurationReference = 67E8B85D3C36B88A9E60F3F2 /* Pods-PartyUp.release.xcconfig */;
			buildSettings = {
				ASSETCATALOG_COMPILER_APPICON_NAME = AppIcon;
				CLANG_ENABLE_MODULES = YES;
				CODE_SIGN_IDENTITY = "iPhone Developer";
				"CODE_SIGN_IDENTITY[sdk=iphoneos*]" = "iPhone Developer";
				INFOPLIST_FILE = PartyUp/Info.plist;
				IPHONEOS_DEPLOYMENT_TARGET = 8.0;
				LD_RUNPATH_SEARCH_PATHS = "$(inherited) @executable_path/Frameworks";
				PRODUCT_NAME = "$(TARGET_NAME)";
				PROVISIONING_PROFILE = "";
				SWIFT_OBJC_BRIDGING_HEADER = "PartyUp/PartyUp-Bridging-Header.h";
			};
			name = Release;
		};
		7EDD4EF21ABE727D00CEECD0 /* Debug */ = {
			isa = XCBuildConfiguration;
			buildSettings = {
				BUNDLE_LOADER = "$(TEST_HOST)";
				FRAMEWORK_SEARCH_PATHS = (
					"$(SDKROOT)/Developer/Library/Frameworks",
					"$(inherited)",
				);
				GCC_PREPROCESSOR_DEFINITIONS = (
					"DEBUG=1",
					"$(inherited)",
				);
				INFOPLIST_FILE = PartyUpTests/Info.plist;
				LD_RUNPATH_SEARCH_PATHS = "$(inherited) @executable_path/Frameworks @loader_path/Frameworks";
				PRODUCT_NAME = "$(TARGET_NAME)";
				TEST_HOST = "$(BUILT_PRODUCTS_DIR)/PartyUp.app/PartyUp";
			};
			name = Debug;
		};
		7EDD4EF31ABE727D00CEECD0 /* Release */ = {
			isa = XCBuildConfiguration;
			buildSettings = {
				BUNDLE_LOADER = "$(TEST_HOST)";
				FRAMEWORK_SEARCH_PATHS = (
					"$(SDKROOT)/Developer/Library/Frameworks",
					"$(inherited)",
				);
				INFOPLIST_FILE = PartyUpTests/Info.plist;
				LD_RUNPATH_SEARCH_PATHS = "$(inherited) @executable_path/Frameworks @loader_path/Frameworks";
				PRODUCT_NAME = "$(TARGET_NAME)";
				TEST_HOST = "$(BUILT_PRODUCTS_DIR)/PartyUp.app/PartyUp";
			};
			name = Release;
		};
/* End XCBuildConfiguration section */

/* Begin XCConfigurationList section */
		7EDD4ECA1ABE727C00CEECD0 /* Build configuration list for PBXProject "PartyUp" */ = {
			isa = XCConfigurationList;
			buildConfigurations = (
				7EDD4EEC1ABE727D00CEECD0 /* Debug */,
				7EDD4EED1ABE727D00CEECD0 /* Release */,
			);
			defaultConfigurationIsVisible = 0;
			defaultConfigurationName = Release;
		};
		7EDD4EEE1ABE727D00CEECD0 /* Build configuration list for PBXNativeTarget "PartyUp" */ = {
			isa = XCConfigurationList;
			buildConfigurations = (
				7EDD4EEF1ABE727D00CEECD0 /* Debug */,
				7EDD4EF01ABE727D00CEECD0 /* Release */,
			);
			defaultConfigurationIsVisible = 0;
			defaultConfigurationName = Release;
		};
		7EDD4EF11ABE727D00CEECD0 /* Build configuration list for PBXNativeTarget "PartyUpTests" */ = {
			isa = XCConfigurationList;
			buildConfigurations = (
				7EDD4EF21ABE727D00CEECD0 /* Debug */,
				7EDD4EF31ABE727D00CEECD0 /* Release */,
			);
			defaultConfigurationIsVisible = 0;
			defaultConfigurationName = Release;
		};
/* End XCConfigurationList section */
	};
	rootObject = 7EDD4EC71ABE727C00CEECD0 /* Project object */;
}
