PODS:
  - JSQMessagesViewController (7.0.1):
    - JSQSystemSoundPlayer (~> 2.0.1)
  - JSQSystemSoundPlayer (2.0.1)
  - libPusher (1.6):
    - libPusher/Core (= 1.6)
  - libPusher/Core (1.6):
    - SocketRocket (= 0.3.1-beta2)
  - SocketRocket (0.3.1-beta2)

DEPENDENCIES:
  - JSQMessagesViewController
  - libPusher (~> 1.6)

SPEC CHECKSUMS:
  JSQMessagesViewController: 03fba8a3021a3ddc1c91847f180ffe549f2e8cf2
  JSQSystemSoundPlayer: c5850e77a4363ffd374cd851154b9af93264ed8d
  libPusher: f9367ede8f5141e74adc90ba20536cbc3c7b68e1
  SocketRocket: 7284ab9370a06c99aba92b2fe3a32aedd0f9a6fa

COCOAPODS: 0.36.3
